
Microsoft Visual Studio Solution File, Format Version 12.00
# Visual Studio Version 17
VisualStudioVersion = 17.10.34928.147
MinimumVisualStudioVersion = 10.0.40219.1
Project("{9A19103F-16F7-4668-BE54-9A1E7A4F7556}") = "EShop.Web", "EShop.Web\EShop.Web.csproj", "{E7498EF9-F406-402B-80E9-0C84D7E516A4}"
EndProject
Project("{9A19103F-16F7-4668-BE54-9A1E7A4F7556}") = "EShop.Models", "EShop.Models\EShop.Models.csproj", "{8CFCD17D-2972-489B-BC2B-7E76C7D9BD8D}"
EndProject
Project("{9A19103F-16F7-4668-BE54-9A1E7A4F7556}") = "EShop.DataAccess", "EShop.DataAccess\EShop.DataAccess.csproj", "{476EBFA5-3F94-44CA-9385-28EBBFEE1275}"
EndProject
Project("{9A19103F-16F7-4668-BE54-9A1E7A4F7556}") = "EShop.Utilities", "EShop.Utilities\EShop.Utilities.csproj", "{368FFFD6-8AA6-4C48-9B3D-664E36E72201}"
EndProject
Project("{2150E333-8FDC-42A3-9474-1A3956D46DE8}") = "Solution Items", "Solution Items", "{5F7FD4F0-4996-415F-9B5C-1752512C4FE8}"
	ProjectSection(SolutionItems) = preProject
		docs\images\eshop-main.PNG = docs\images\eshop-main.PNG
		docs\images\eshop-order.PNG = docs\images\eshop-order.PNG
		docs\images\eshop-stripe.PNG = docs\images\eshop-stripe.PNG
		docs\images\eshop-user-managment.PNG = docs\images\eshop-user-managment.PNG
		README.md = README.md
	EndProjectSection
EndProject
Global
	GlobalSection(SolutionConfigurationPlatforms) = preSolution
		Debug|Any CPU = Debug|Any CPU
		Release|Any CPU = Release|Any CPU
	EndGlobalSection
	GlobalSection(ProjectConfigurationPlatforms) = postSolution
		{E7498EF9-F406-402B-80E9-0C84D7E516A4}.Debug|Any CPU.ActiveCfg = Debug|Any CPU
		{E7498EF9-F406-402B-80E9-0C84D7E516A4}.Debug|Any CPU.Build.0 = Debug|Any CPU
		{E7498EF9-F406-402B-80E9-0C84D7E516A4}.Release|Any CPU.ActiveCfg = Release|Any CPU
		{E7498EF9-F406-402B-80E9-0C84D7E516A4}.Release|Any CPU.Build.0 = Release|Any CPU
		{8CFCD17D-2972-489B-BC2B-7E76C7D9BD8D}.Debug|Any CPU.ActiveCfg = Debug|Any CPU
		{8CFCD17D-2972-489B-BC2B-7E76C7D9BD8D}.Debug|Any CPU.Build.0 = Debug|Any CPU
		{8CFCD17D-2972-489B-BC2B-7E76C7D9BD8D}.Release|Any CPU.ActiveCfg = Release|Any CPU
		{8CFCD17D-2972-489B-BC2B-7E76C7D9BD8D}.Release|Any CPU.Build.0 = Release|Any CPU
		{476EBFA5-3F94-44CA-9385-28EBBFEE1275}.Debug|Any CPU.ActiveCfg = Debug|Any CPU
		{476EBFA5-3F94-44CA-9385-28EBBFEE1275}.Debug|Any CPU.Build.0 = Debug|Any CPU
		{476EBFA5-3F94-44CA-9385-28EBBFEE1275}.Release|Any CPU.ActiveCfg = Release|Any CPU
		{476EBFA5-3F94-44CA-9385-28EBBFEE1275}.Release|Any CPU.Build.0 = Release|Any CPU
		{368FFFD6-8AA6-4C48-9B3D-664E36E72201}.Debug|Any CPU.ActiveCfg = Debug|Any CPU
		{368FFFD6-8AA6-4C48-9B3D-664E36E72201}.Debug|Any CPU.Build.0 = Debug|Any CPU
		{368FFFD6-8AA6-4C48-9B3D-664E36E72201}.Release|Any CPU.ActiveCfg = Release|Any CPU
		{368FFFD6-8AA6-4C48-9B3D-664E36E72201}.Release|Any CPU.Build.0 = Release|Any CPU
	EndGlobalSection
	GlobalSection(SolutionProperties) = preSolution
		HideSolutionNode = FALSE
	EndGlobalSection
	GlobalSection(ExtensibilityGlobals) = postSolution
		SolutionGuid = {F4826595-E1F5-40EB-8E4D-02A1DD6CC8EF}
	EndGlobalSection
EndGlobal
